// !$*UTF8*$!
{
	archiveVersion = 1;
	classes = {
	};
	objectVersion = 55;
	objects = {

/* Begin PBXBuildFile section */
		A547C708281737C9000E278E /* AppDelegate.swift in Sources */ = {isa = PBXBuildFile; fileRef = A547C707281737C9000E278E /* AppDelegate.swift */; };
		A547C70A281737C9000E278E /* SceneDelegate.swift in Sources */ = {isa = PBXBuildFile; fileRef = A547C709281737C9000E278E /* SceneDelegate.swift */; };
		A547C70C281737C9000E278E /* ViewController.swift in Sources */ = {isa = PBXBuildFile; fileRef = A547C70B281737C9000E278E /* ViewController.swift */; };
		A547C70F281737C9000E278E /* Main.storyboard in Resources */ = {isa = PBXBuildFile; fileRef = A547C70D281737C9000E278E /* Main.storyboard */; };
		A547C711281737CB000E278E /* Assets.xcassets in Resources */ = {isa = PBXBuildFile; fileRef = A547C710281737CB000E278E /* Assets.xcassets */; };
		A547C714281737CB000E278E /* LaunchScreen.storyboard in Resources */ = {isa = PBXBuildFile; fileRef = A547C712281737CB000E278E /* LaunchScreen.storyboard */; };
		A547C71F281737CB000E278E /* TestTests.swift in Sources */ = {isa = PBXBuildFile; fileRef = A547C71E281737CB000E278E /* TestTests.swift */; };
		A547C729281737CB000E278E /* TestUITests.swift in Sources */ = {isa = PBXBuildFile; fileRef = A547C728281737CB000E278E /* TestUITests.swift */; };
		A547C72B281737CB000E278E /* TestUITestsLaunchTests.swift in Sources */ = {isa = PBXBuildFile; fileRef = A547C72A281737CB000E278E /* TestUITestsLaunchTests.swift */; };
/* End PBXBuildFile section */

/* Begin PBXContainerItemProxy section */
		A547C71B281737CB000E278E /* PBXContainerItemProxy */ = {
			isa = PBXContainerItemProxy;
			containerPortal = A547C6FC281737C9000E278E /* Project object */;
			proxyType = 1;
			remoteGlobalIDString = A547C703281737C9000E278E;
			remoteInfo = Test;
		};
		A547C725281737CB000E278E /* PBXContainerItemProxy */ = {
			isa = PBXContainerItemProxy;
			containerPortal = A547C6FC281737C9000E278E /* Project object */;
			proxyType = 1;
			remoteGlobalIDString = A547C703281737C9000E278E;
			remoteInfo = Test;
		};
/* End PBXContainerItemProxy section */

/* Begin PBXFileReference section */
		A547C704281737C9000E278E /* Test.app */ = {isa = PBXFileReference; explicitFileType = wrapper.application; includeInIndex = 0; path = Test.app; sourceTree = BUILT_PRODUCTS_DIR; };
		A547C707281737C9000E278E /* AppDelegate.swift */ = {isa = PBXFileReference; lastKnownFileType = sourcecode.swift; path = AppDelegate.swift; sourceTree = "<group>"; };
		A547C709281737C9000E278E /* SceneDelegate.swift */ = {isa = PBXFileReference; lastKnownFileType = sourcecode.swift; path = SceneDelegate.swift; sourceTree = "<group>"; };
		A547C70B281737C9000E278E /* ViewController.swift */ = {isa = PBXFileReference; lastKnownFileType = sourcecode.swift; path = ViewController.swift; sourceTree = "<group>"; };
		A547C70E281737C9000E278E /* Base */ = {isa = PBXFileReference; lastKnownFileType = file.storyboard; name = Base; path = Base.lproj/Main.storyboard; sourceTree = "<group>"; };
		A547C710281737CB000E278E /* Assets.xcassets */ = {isa = PBXFileReference; lastKnownFileType = folder.assetcatalog; path = Assets.xcassets; sourceTree = "<group>"; };
		A547C713281737CB000E278E /* Base */ = {isa = PBXFileReference; lastKnownFileType = file.storyboard; name = Base; path = Base.lproj/LaunchScreen.storyboard; sourceTree = "<group>"; };
		A547C715281737CB000E278E /* Info.plist */ = {isa = PBXFileReference; lastKnownFileType = text.plist.xml; path = Info.plist; sourceTree = "<group>"; };
		A547C71A281737CB000E278E /* TestTests.xctest */ = {isa = PBXFileReference; explicitFileType = wrapper.cfbundle; includeInIndex = 0; path = TestTests.xctest; sourceTree = BUILT_PRODUCTS_DIR; };
		A547C71E281737CB000E278E /* TestTests.swift */ = {isa = PBXFileReference; lastKnownFileType = sourcecode.swift; path = TestTests.swift; sourceTree = "<group>"; };
		A547C724281737CB000E278E /* TestUITests.xctest */ = {isa = PBXFileReference; explicitFileType = wrapper.cfbundle; includeInIndex = 0; path = TestUITests.xctest; sourceTree = BUILT_PRODUCTS_DIR; };
		A547C728281737CB000E278E /* TestUITests.swift */ = {isa = PBXFileReference; lastKnownFileType = sourcecode.swift; path = TestUITests.swift; sourceTree = "<group>"; };
		A547C72A281737CB000E278E /* TestUITestsLaunchTests.swift */ = {isa = PBXFileReference; lastKnownFileType = sourcecode.swift; path = TestUITestsLaunchTests.swift; sourceTree = "<group>"; };
/* End PBXFileReference section */

/* Begin PBXFrameworksBuildPhase section */
		A547C701281737C9000E278E /* Frameworks */ = {
			isa = PBXFrameworksBuildPhase;
			buildActionMask = 2147483647;
			files = (
			);
			runOnlyForDeploymentPostprocessing = 0;
		};
		A547C717281737CB000E278E /* Frameworks */ = {
			isa = PBXFrameworksBuildPhase;
			buildActionMask = 2147483647;
			files = (
			);
			runOnlyForDeploymentPostprocessing = 0;
		};
		A547C721281737CB000E278E /* Frameworks */ = {
			isa = PBXFrameworksBuildPhase;
			buildActionMask = 2147483647;
			files = (
			);
			runOnlyForDeploymentPostprocessing = 0;
		};
/* End PBXFrameworksBuildPhase section */

/* Begin PBXGroup section */
		A547C6FB281737C9000E278E = {
			isa = PBXGroup;
			children = (
				A547C706281737C9000E278E /* Test */,
				A547C71D281737CB000E278E /* TestTests */,
				A547C727281737CB000E278E /* TestUITests */,
				A547C705281737C9000E278E /* Products */,
			);
			sourceTree = "<group>";
		};
		A547C705281737C9000E278E /* Products */ = {
			isa = PBXGroup;
			children = (
				A547C704281737C9000E278E /* Test.app */,
				A547C71A281737CB000E278E /* TestTests.xctest */,
				A547C724281737CB000E278E /* TestUITests.xctest */,
			);
			name = Products;
			sourceTree = "<group>";
		};
		A547C706281737C9000E278E /* Test */ = {
			isa = PBXGroup;
			children = (
				A547C707281737C9000E278E /* AppDelegate.swift */,
				A547C709281737C9000E278E /* SceneDelegate.swift */,
				A547C70B281737C9000E278E /* ViewController.swift */,
				A547C70D281737C9000E278E /* Main.storyboard */,
				A547C710281737CB000E278E /* Assets.xcassets */,
				A547C712281737CB000E278E /* LaunchScreen.storyboard */,
				A547C715281737CB000E278E /* Info.plist */,
			);
			path = Test;
			sourceTree = "<group>";
		};
		A547C71D281737CB000E278E /* TestTests */ = {
			isa = PBXGroup;
			children = (
				A547C71E281737CB000E278E /* TestTests.swift */,
			);
			path = TestTests;
			sourceTree = "<group>";
		};
		A547C727281737CB000E278E /* TestUITests */ = {
			isa = PBXGroup;
			children = (
				A547C728281737CB000E278E /* TestUITests.swift */,
				A547C72A281737CB000E278E /* TestUITestsLaunchTests.swift */,
			);
			path = TestUITests;
			sourceTree = "<group>";
		};
/* End PBXGroup section */

/* Begin PBXNativeTarget section */
		A547C703281737C9000E278E /* Test */ = {
			isa = PBXNativeTarget;
			buildConfigurationList = A547C72E281737CB000E278E /* Build configuration list for PBXNativeTarget "Test" */;
			buildPhases = (
				A547C700281737C9000E278E /* Sources */,
				A547C701281737C9000E278E /* Frameworks */,
				A547C702281737C9000E278E /* Resources */,
			);
			buildRules = (
			);
			dependencies = (
			);
			name = Test;
			productName = Test;
			productReference = A547C704281737C9000E278E /* Test.app */;
			productType = "com.apple.product-type.application";
		};
		A547C719281737CB000E278E /* TestTests */ = {
			isa = PBXNativeTarget;
			buildConfigurationList = A547C731281737CB000E278E /* Build configuration list for PBXNativeTarget "TestTests" */;
			buildPhases = (
				A547C716281737CB000E278E /* Sources */,
				A547C717281737CB000E278E /* Frameworks */,
				A547C718281737CB000E278E /* Resources */,
			);
			buildRules = (
			);
			dependencies = (
				A547C71C281737CB000E278E /* PBXTargetDependency */,
			);
			name = TestTests;
			productName = TestTests;
			productReference = A547C71A281737CB000E278E /* TestTests.xctest */;
			productType = "com.apple.product-type.bundle.unit-test";
		};
		A547C723281737CB000E278E /* TestUITests */ = {
			isa = PBXNativeTarget;
			buildConfigurationList = A547C734281737CB000E278E /* Build configuration list for PBXNativeTarget "TestUITests" */;
			buildPhases = (
				A547C720281737CB000E278E /* Sources */,
				A547C721281737CB000E278E /* Frameworks */,
				A547C722281737CB000E278E /* Resources */,
			);
			buildRules = (
			);
			dependencies = (
				A547C726281737CB000E278E /* PBXTargetDependency */,
			);
			name = TestUITests;
			productName = TestUITests;
			productReference = A547C724281737CB000E278E /* TestUITests.xctest */;
			productType = "com.apple.product-type.bundle.ui-testing";
		};
/* End PBXNativeTarget section */

/* Begin PBXProject section */
		A547C6FC281737C9000E278E /* Project object */ = {
			isa = PBXProject;
			attributes = {
				BuildIndependentTargetsInParallel = 1;
				LastSwiftUpdateCheck = 1330;
				LastUpgradeCheck = 1330;
				TargetAttributes = {
					A547C703281737C9000E278E = {
						CreatedOnToolsVersion = 13.3.1;
					};
					A547C719281737CB000E278E = {
						CreatedOnToolsVersion = 13.3.1;
						TestTargetID = A547C703281737C9000E278E;
					};
					A547C723281737CB000E278E = {
						CreatedOnToolsVersion = 13.3.1;
						TestTargetID = A547C703281737C9000E278E;
					};
				};
			};
			buildConfigurationList = A547C6FF281737C9000E278E /* Build configuration list for PBXProject "Test" */;
			compatibilityVersion = "Xcode 13.0";
			developmentRegion = en;
			hasScannedForEncodings = 0;
			knownRegions = (
				en,
				Base,
			);
			mainGroup = A547C6FB281737C9000E278E;
			productRefGroup = A547C705281737C9000E278E /* Products */;
			projectDirPath = "";
			projectRoot = "";
			targets = (
				A547C703281737C9000E278E /* Test */,
				A547C719281737CB000E278E /* TestTests */,
				A547C723281737CB000E278E /* TestUITests */,
			);
		};
/* End PBXProject section */

/* Begin PBXResourcesBuildPhase section */
		A547C702281737C9000E278E /* Resources */ = {
			isa = PBXResourcesBuildPhase;
			buildActionMask = 2147483647;
			files = (
				A547C714281737CB000E278E /* LaunchScreen.storyboard in Resources */,
				A547C711281737CB000E278E /* Assets.xcassets in Resources */,
				A547C70F281737C9000E278E /* Main.storyboard in Resources */,
			);
			runOnlyForDeploymentPostprocessing = 0;
		};
		A547C718281737CB000E278E /* Resources */ = {
			isa = PBXResourcesBuildPhase;
			buildActionMask = 2147483647;
			files = (
			);
			runOnlyForDeploymentPostprocessing = 0;
		};
		A547C722281737CB000E278E /* Resources */ = {
			isa = PBXResourcesBuildPhase;
			buildActionMask = 2147483647;
			files = (
			);
			runOnlyForDeploymentPostprocessing = 0;
		};
/* End PBXResourcesBuildPhase section */

/* Begin PBXSourcesBuildPhase section */
		A547C700281737C9000E278E /* Sources */ = {
			isa = PBXSourcesBuildPhase;
			buildActionMask = 2147483647;
			files = (
				A547C70C281737C9000E278E /* ViewController.swift in Sources */,
				A547C708281737C9000E278E /* AppDelegate.swift in Sources */,
				A547C70A281737C9000E278E /* SceneDelegate.swift in Sources */,
			);
			runOnlyForDeploymentPostprocessing = 0;
		};
		A547C716281737CB000E278E /* Sources */ = {
			isa = PBXSourcesBuildPhase;
			buildActionMask = 2147483647;
			files = (
				A547C71F281737CB000E278E /* TestTests.swift in Sources */,
			);
			runOnlyForDeploymentPostprocessing = 0;
		};
		A547C720281737CB000E278E /* Sources */ = {
			isa = PBXSourcesBuildPhase;
			buildActionMask = 2147483647;
			files = (
				A547C72B281737CB000E278E /* TestUITestsLaunchTests.swift in Sources */,
				A547C729281737CB000E278E /* TestUITests.swift in Sources */,
			);
			runOnlyForDeploymentPostprocessing = 0;
		};
/* End PBXSourcesBuildPhase section */

/* Begin PBXTargetDependency section */
		A547C71C281737CB000E278E /* PBXTargetDependency */ = {
			isa = PBXTargetDependency;
			target = A547C703281737C9000E278E /* Test */;
			targetProxy = A547C71B281737CB000E278E /* PBXContainerItemProxy */;
		};
		A547C726281737CB000E278E /* PBXTargetDependency */ = {
			isa = PBXTargetDependency;
			target = A547C703281737C9000E278E /* Test */;
			targetProxy = A547C725281737CB000E278E /* PBXContainerItemProxy */;
		};
/* End PBXTargetDependency section */

/* Begin PBXVariantGroup section */
		A547C70D281737C9000E278E /* Main.storyboard */ = {
			isa = PBXVariantGroup;
			children = (
				A547C70E281737C9000E278E /* Base */,
			);
			name = Main.storyboard;
			sourceTree = "<group>";
		};
		A547C712281737CB000E278E /* LaunchScreen.storyboard */ = {
			isa = PBXVariantGroup;
			children = (
				A547C713281737CB000E278E /* Base */,
			);
			name = LaunchScreen.storyboard;
			sourceTree = "<group>";
		};
/* End PBXVariantGroup section */

/* Begin XCBuildConfiguration section */
		A547C72C281737CB000E278E /* Debug */ = {
			isa = XCBuildConfiguration;
			buildSettings = {
				ALWAYS_SEARCH_USER_PATHS = NO;
				CLANG_ANALYZER_NONNULL = YES;
				CLANG_ANALYZER_NUMBER_OBJECT_CONVERSION = YES_AGGRESSIVE;
				CLANG_CXX_LANGUAGE_STANDARD = "gnu++17";
				CLANG_ENABLE_MODULES = YES;
				CLANG_ENABLE_OBJC_ARC = YES;
				CLANG_ENABLE_OBJC_WEAK = YES;
				CLANG_WARN_BLOCK_CAPTURE_AUTORELEASING = YES;
				CLANG_WARN_BOOL_CONVERSION = YES;
				CLANG_WARN_COMMA = YES;
				CLANG_WARN_CONSTANT_CONVERSION = YES;
				CLANG_WARN_DEPRECATED_OBJC_IMPLEMENTATIONS = YES;
				CLANG_WARN_DIRECT_OBJC_ISA_USAGE = YES_ERROR;
				CLANG_WARN_DOCUMENTATION_COMMENTS = YES;
				CLANG_WARN_EMPTY_BODY = YES;
				CLANG_WARN_ENUM_CONVERSION = YES;
				CLANG_WARN_INFINITE_RECURSION = YES;
				CLANG_WARN_INT_CONVERSION = YES;
				CLANG_WARN_NON_LITERAL_NULL_CONVERSION = YES;
				CLANG_WARN_OBJC_IMPLICIT_RETAIN_SELF = YES;
				CLANG_WARN_OBJC_LITERAL_CONVERSION = YES;
				CLANG_WARN_OBJC_ROOT_CLASS = YES_ERROR;
				CLANG_WARN_QUOTED_INCLUDE_IN_FRAMEWORK_HEADER = YES;
				CLANG_WARN_RANGE_LOOP_ANALYSIS = YES;
				CLANG_WARN_STRICT_PROTOTYPES = YES;
				CLANG_WARN_SUSPICIOUS_MOVE = YES;
				CLANG_WARN_UNGUARDED_AVAILABILITY = YES_AGGRESSIVE;
				CLANG_WARN_UNREACHABLE_CODE = YES;
				CLANG_WARN__DUPLICATE_METHOD_MATCH = YES;
				COPY_PHASE_STRIP = NO;
				DEBUG_INFORMATION_FORMAT = dwarf;
				ENABLE_STRICT_OBJC_MSGSEND = YES;
				ENABLE_TESTABILITY = YES;
				GCC_C_LANGUAGE_STANDARD = gnu11;
				GCC_DYNAMIC_NO_PIC = NO;
				GCC_NO_COMMON_BLOCKS = YES;
				GCC_OPTIMIZATION_LEVEL = 0;
				GCC_PREPROCESSOR_DEFINITIONS = (
					"DEBUG=1",
					"$(inherited)",
				);
				GCC_WARN_64_TO_32_BIT_CONVERSION = YES;
				GCC_WARN_ABOUT_RETURN_TYPE = YES_ERROR;
				GCC_WARN_UNDECLARED_SELECTOR = YES;
				GCC_WARN_UNINITIALIZED_AUTOS = YES_AGGRESSIVE;
				GCC_WARN_UNUSED_FUNCTION = YES;
				GCC_WARN_UNUSED_VARIABLE = YES;
				IPHONEOS_DEPLOYMENT_TARGET = 15.4;
				MTL_ENABLE_DEBUG_INFO = INCLUDE_SOURCE;
				MTL_FAST_MATH = YES;
				ONLY_ACTIVE_ARCH = YES;
				SDKROOT = iphoneos;
				SWIFT_ACTIVE_COMPILATION_CONDITIONS = DEBUG;
				SWIFT_OPTIMIZATION_LEVEL = "-Onone";
			};
			name = Debug;
		};
		A547C72D281737CB000E278E /* Release */ = {
			isa = XCBuildConfiguration;
			buildSettings = {
				ALWAYS_SEARCH_USER_PATHS = NO;
				CLANG_ANALYZER_NONNULL = YES;
				CLANG_ANALYZER_NUMBER_OBJECT_CONVERSION = YES_AGGRESSIVE;
				CLANG_CXX_LANGUAGE_STANDARD = "gnu++17";
				CLANG_ENABLE_MODULES = YES;
				CLANG_ENABLE_OBJC_ARC = YES;
				CLANG_ENABLE_OBJC_WEAK = YES;
				CLANG_WARN_BLOCK_CAPTURE_AUTORELEASING = YES;
				CLANG_WARN_BOOL_CONVERSION = YES;
				CLANG_WARN_COMMA = YES;
				CLANG_WARN_CONSTANT_CONVERSION = YES;
				CLANG_WARN_DEPRECATED_OBJC_IMPLEMENTATIONS = YES;
				CLANG_WARN_DIRECT_OBJC_ISA_USAGE = YES_ERROR;
				CLANG_WARN_DOCUMENTATION_COMMENTS = YES;
				CLANG_WARN_EMPTY_BODY = YES;
				CLANG_WARN_ENUM_CONVERSION = YES;
				CLANG_WARN_INFINITE_RECURSION = YES;
				CLANG_WARN_INT_CONVERSION = YES;
				CLANG_WARN_NON_LITERAL_NULL_CONVERSION = YES;
				CLANG_WARN_OBJC_IMPLICIT_RETAIN_SELF = YES;
				CLANG_WARN_OBJC_LITERAL_CONVERSION = YES;
				CLANG_WARN_OBJC_ROOT_CLASS = YES_ERROR;
				CLANG_WARN_QUOTED_INCLUDE_IN_FRAMEWORK_HEADER = YES;
				CLANG_WARN_RANGE_LOOP_ANALYSIS = YES;
				CLANG_WARN_STRICT_PROTOTYPES = YES;
				CLANG_WARN_SUSPICIOUS_MOVE = YES;
				CLANG_WARN_UNGUARDED_AVAILABILITY = YES_AGGRESSIVE;
				CLANG_WARN_UNREACHABLE_CODE = YES;
				CLANG_WARN__DUPLICATE_METHOD_MATCH = YES;
				COPY_PHASE_STRIP = NO;
				DEBUG_INFORMATION_FORMAT = "dwarf-with-dsym";
				ENABLE_NS_ASSERTIONS = NO;
				ENABLE_STRICT_OBJC_MSGSEND = YES;
				GCC_C_LANGUAGE_STANDARD = gnu11;
				GCC_NO_COMMON_BLOCKS = YES;
				GCC_WARN_64_TO_32_BIT_CONVERSION = YES;
				GCC_WARN_ABOUT_RETURN_TYPE = YES_ERROR;
				GCC_WARN_UNDECLARED_SELECTOR = YES;
				GCC_WARN_UNINITIALIZED_AUTOS = YES_AGGRESSIVE;
				GCC_WARN_UNUSED_FUNCTION = YES;
				GCC_WARN_UNUSED_VARIABLE = YES;
				IPHONEOS_DEPLOYMENT_TARGET = 15.4;
				MTL_ENABLE_DEBUG_INFO = NO;
				MTL_FAST_MATH = YES;
				SDKROOT = iphoneos;
				SWIFT_COMPILATION_MODE = wholemodule;
				SWIFT_OPTIMIZATION_LEVEL = "-O";
				VALIDATE_PRODUCT = YES;
			};
			name = Release;
		};
		A547C72F281737CB000E278E /* Debug */ = {
			isa = XCBuildConfiguration;
			buildSettings = {
				ASSETCATALOG_COMPILER_APPICON_NAME = AppIcon;
				ASSETCATALOG_COMPILER_GLOBAL_ACCENT_COLOR_NAME = AccentColor;
				CODE_SIGN_STYLE = Automatic;
				CURRENT_PROJECT_VERSION = 1;
				DEVELOPMENT_TEAM = 7BLD8Q43WS;
				GENERATE_INFOPLIST_FILE = YES;
				INFOPLIST_FILE = Test/Info.plist;
				INFOPLIST_KEY_UIApplicationSupportsIndirectInputEvents = YES;
				INFOPLIST_KEY_UILaunchStoryboardName = LaunchScreen;
				INFOPLIST_KEY_UIMainStoryboardFile = Main;
				INFOPLIST_KEY_UISupportedInterfaceOrientations_iPad = "UIInterfaceOrientationPortrait UIInterfaceOrientationPortraitUpsideDown UIInterfaceOrientationLandscapeLeft UIInterfaceOrientationLandscapeRight";
				INFOPLIST_KEY_UISupportedInterfaceOrientations_iPhone = "UIInterfaceOrientationPortrait UIInterfaceOrientationLandscapeLeft UIInterfaceOrientationLandscapeRight";
				LD_RUNPATH_SEARCH_PATHS = (
					"$(inherited)",
					"@executable_path/Frameworks",
				);
				MARKETING_VERSION = 1.0;
				PRODUCT_BUNDLE_IDENTIFIER = Hungry4Votes.Test;
				PRODUCT_NAME = "$(TARGET_NAME)";
				SWIFT_EMIT_LOC_STRINGS = YES;
				SWIFT_VERSION = 5.0;
				TARGETED_DEVICE_FAMILY = "1,2";
			};
			name = Debug;
		};
		A547C730281737CB000E278E /* Release */ = {
			isa = XCBuildConfiguration;
			buildSettings = {
				ASSETCATALOG_COMPILER_APPICON_NAME = AppIcon;
				ASSETCATALOG_COMPILER_GLOBAL_ACCENT_COLOR_NAME = AccentColor;
				CODE_SIGN_STYLE = Automatic;
				CURRENT_PROJECT_VERSION = 1;
				DEVELOPMENT_TEAM = 7BLD8Q43WS;
				GENERATE_INFOPLIST_FILE = YES;
				INFOPLIST_FILE = Test/Info.plist;
				INFOPLIST_KEY_UIApplicationSupportsIndirectInputEvents = YES;
				INFOPLIST_KEY_UILaunchStoryboardName = LaunchScreen;
				INFOPLIST_KEY_UIMainStoryboardFile = Main;
				INFOPLIST_KEY_UISupportedInterfaceOrientations_iPad = "UIInterfaceOrientationPortrait UIInterfaceOrientationPortraitUpsideDown UIInterfaceOrientationLandscapeLeft UIInterfaceOrientationLandscapeRight";
				INFOPLIST_KEY_UISupportedInterfaceOrientations_iPhone = "UIInterfaceOrientationPortrait UIInterfaceOrientationLandscapeLeft UIInterfaceOrientationLandscapeRight";
				LD_RUNPATH_SEARCH_PATHS = (
					"$(inherited)",
					"@executable_path/Frameworks",
				);
				MARKETING_VERSION = 1.0;
				PRODUCT_BUNDLE_IDENTIFIER = Hungry4Votes.Test;
				PRODUCT_NAME = "$(TARGET_NAME)";
				SWIFT_EMIT_LOC_STRINGS = YES;
				SWIFT_VERSION = 5.0;
				TARGETED_DEVICE_FAMILY = "1,2";
			};
			name = Release;
		};
		A547C732281737CB000E278E /* Debug */ = {
			isa = XCBuildConfiguration;
			buildSettings = {
				ALWAYS_EMBED_SWIFT_STANDARD_LIBRARIES = YES;
				BUNDLE_LOADER = "$(TEST_HOST)";
				CODE_SIGN_STYLE = Automatic;
				CURRENT_PROJECT_VERSION = 1;
				DEVELOPMENT_TEAM = 7BLD8Q43WS;
				GENERATE_INFOPLIST_FILE = YES;
				IPHONEOS_DEPLOYMENT_TARGET = 15.4;
				MARKETING_VERSION = 1.0;
				PRODUCT_BUNDLE_IDENTIFIER = Hungry4Votes.TestTests;
				PRODUCT_NAME = "$(TARGET_NAME)";
				SWIFT_EMIT_LOC_STRINGS = NO;
				SWIFT_VERSION = 5.0;
				TARGETED_DEVICE_FAMILY = "1,2";
				TEST_HOST = "$(BUILT_PRODUCTS_DIR)/Test.app/Test";
			};
			name = Debug;
		};
		A547C733281737CB000E278E /* Release */ = {
			isa = XCBuildConfiguration;
			buildSettings = {
				ALWAYS_EMBED_SWIFT_STANDARD_LIBRARIES = YES;
				BUNDLE_LOADER = "$(TEST_HOST)";
				CODE_SIGN_STYLE = Automatic;
				CURRENT_PROJECT_VERSION = 1;
				DEVELOPMENT_TEAM = 7BLD8Q43WS;
				GENERATE_INFOPLIST_FILE = YES;
				IPHONEOS_DEPLOYMENT_TARGET = 15.4;
				MARKETING_VERSION = 1.0;
				PRODUCT_BUNDLE_IDENTIFIER = Hungry4Votes.TestTests;
				PRODUCT_NAME = "$(TARGET_NAME)";
				SWIFT_EMIT_LOC_STRINGS = NO;
				SWIFT_VERSION = 5.0;
				TARGETED_DEVICE_FAMILY = "1,2";
				TEST_HOST = "$(BUILT_PRODUCTS_DIR)/Test.app/Test";
			};
			name = Release;
		};
		A547C735281737CB000E278E /* Debug */ = {
			isa = XCBuildConfiguration;
			buildSettings = {
				ALWAYS_EMBED_SWIFT_STANDARD_LIBRARIES = YES;
				CODE_SIGN_STYLE = Automatic;
				CURRENT_PROJECT_VERSION = 1;
				DEVELOPMENT_TEAM = 7BLD8Q43WS;
				GENERATE_INFOPLIST_FILE = YES;
				MARKETING_VERSION = 1.0;
				PRODUCT_BUNDLE_IDENTIFIER = Hungry4Votes.TestUITests;
				PRODUCT_NAME = "$(TARGET_NAME)";
				SWIFT_EMIT_LOC_STRINGS = NO;
				SWIFT_VERSION = 5.0;
				TARGETED_DEVICE_FAMILY = "1,2";
				TEST_TARGET_NAME = Test;
			};
			name = Debug;
		};
		A547C736281737CB000E278E /* Release */ = {
			isa = XCBuildConfiguration;
			buildSettings = {
				ALWAYS_EMBED_SWIFT_STANDARD_LIBRARIES = YES;
				CODE_SIGN_STYLE = Automatic;
				CURRENT_PROJECT_VERSION = 1;
				DEVELOPMENT_TEAM = 7BLD8Q43WS;
				GENERATE_INFOPLIST_FILE = YES;
				MARKETING_VERSION = 1.0;
				PRODUCT_BUNDLE_IDENTIFIER = Hungry4Votes.TestUITests;
				PRODUCT_NAME = "$(TARGET_NAME)";
				SWIFT_EMIT_LOC_STRINGS = NO;
				SWIFT_VERSION = 5.0;
				TARGETED_DEVICE_FAMILY = "1,2";
				TEST_TARGET_NAME = Test;
			};
			name = Release;
		};
/* End XCBuildConfiguration section */

/* Begin XCConfigurationList section */
		A547C6FF281737C9000E278E /* Build configuration list for PBXProject "Test" */ = {
			isa = XCConfigurationList;
			buildConfigurations = (
				A547C72C281737CB000E278E /* Debug */,
				A547C72D281737CB000E278E /* Release */,
			);
			defaultConfigurationIsVisible = 0;
			defaultConfigurationName = Release;
		};
		A547C72E281737CB000E278E /* Build configuration list for PBXNativeTarget "Test" */ = {
			isa = XCConfigurationList;
			buildConfigurations = (
				A547C72F281737CB000E278E /* Debug */,
				A547C730281737CB000E278E /* Release */,
			);
			defaultConfigurationIsVisible = 0;
			defaultConfigurationName = Release;
		};
		A547C731281737CB000E278E /* Build configuration list for PBXNativeTarget "TestTests" */ = {
			isa = XCConfigurationList;
			buildConfigurations = (
				A547C732281737CB000E278E /* Debug */,
				A547C733281737CB000E278E /* Release */,
			);
			defaultConfigurationIsVisible = 0;
			defaultConfigurationName = Release;
		};
		A547C734281737CB000E278E /* Build configuration list for PBXNativeTarget "TestUITests" */ = {
			isa = XCConfigurationList;
			buildConfigurations = (
				A547C735281737CB000E278E /* Debug */,
				A547C736281737CB000E278E /* Release */,
			);
			defaultConfigurationIsVisible = 0;
			defaultConfigurationName = Release;
		};
/* End XCConfigurationList section */
	};
	rootObject = A547C6FC281737C9000E278E /* Project object */;
}
